lockfileVersion: '6.0'

settings:
  autoInstallPeers: true
  excludeLinksFromLockfile: false

dependencies:
  '@capacitor-community/barcode-scanner':
    specifier: ^4.0.1
    version: 4.0.1(@capacitor/core@5.2.2)
  '@capacitor/core':
    specifier: ^5.2.2
    version: 5.2.2

devDependencies:
  html5-qrcode:
    specifier: ^2.3.8
    version: 2.3.8

packages:

  /@capacitor-community/barcode-scanner@4.0.1(@capacitor/core@5.2.2):
    resolution: {integrity: sha512-acuhDU2mqskSeCIQMc5TGNnDszXXs4IqEES+3C2JDiq+MkJMTr+B2Dhq4k55hlkRFMOumMhlnbr2R9G6qyFPhw==}
    peerDependencies:
      '@capacitor/core': ^5.0.0
    dependencies:
      '@capacitor/core': 5.2.2
      '@zxing/browser': 0.1.4(@zxing/library@0.20.0)
      '@zxing/library': 0.20.0
    dev: false

  /@capacitor/core@5.2.2:
    resolution: {integrity: sha512-3jKECZC5+YD2rljMZm1e/K3AYyoxUmLDZCyofTPbRYPBSI0wJh5ZCkX+XIGzNM0o/Wokl3Voa1JB8xsLC0MPxA==}
    dependencies:
      tslib: 2.6.1
    dev: false

  /@zxing/browser@0.1.4(@zxing/library@0.20.0):
    resolution: {integrity: sha512-WYjaav7St4sj/u/Km2llE4NU2Pq3JFIWnczr0tmyCC1KUlp08rV3qpu7iiEB4kOx/CgcCzrSebNnSmFt5B3IFg==}
    peerDependencies:
      '@zxing/library': ^0.20.0
    dependencies:
      '@zxing/library': 0.20.0
    optionalDependencies:
      '@zxing/text-encoding': 0.9.0
    dev: false

  /@zxing/library@0.20.0:
    resolution: {integrity: sha512-6Ev6rcqVjMakZFIDvbUf0dtpPGeZMTfyxYg4HkVWioWeN7cRcnUWT3bU6sdohc82O1nPXcjq6WiGfXX2Pnit6A==}
    engines: {node: '>= 10.4.0'}
    dependencies:
      ts-custom-error: 3.3.1
    optionalDependencies:
      '@zxing/text-encoding': 0.9.0
    dev: false

  /@zxing/text-encoding@0.9.0:
    resolution: {integrity: sha512-U/4aVJ2mxI0aDNI8Uq0wEhMgY+u4CNtEb0om3+y3+niDAsoTCOB33UF0sxpzqzdqXLqmvc+vZyAt4O8pPdfkwA==}
    requiresBuild: true
    dev: false
    optional: true

  /html5-qrcode@2.3.8:
    resolution: {integrity: sha512-jsr4vafJhwoLVEDW3n1KvPnCCXWaQfRng0/EEYk1vNcQGcG/htAdhJX0be8YyqMoSz7+hZvOZSTAepsabiuhiQ==}
    dev: true

  /ts-custom-error@3.3.1:
    resolution: {integrity: sha512-5OX1tzOjxWEgsr/YEUWSuPrQ00deKLh6D7OTWcvNHm12/7QPyRh8SYpyWvA4IZv8H/+GQWQEh/kwo95Q9OVW1A==}
    engines: {node: '>=14.0.0'}
    dev: false

  /tslib@2.6.1:
    resolution: {integrity: sha512-t0hLfiEKfMUoqhG+U1oid7Pva4bbDPHYfJNiB7BiIjRkj1pyC++4N3huJfqY6aRH6VTB0rvtzQwjM4K6qpfOig==}
    dev: false
